
Microsoft Visual Studio Solution File, Format Version 12.00
# Visual Studio 14
VisualStudioVersion = 14.0.25420.1
MinimumVisualStudioVersion = 10.0.40219.1
Project("{FAE04EC0-301F-11D3-BF4B-00C04F79EFBC}") = "SafeTalkiOS", "SafeTalkiOS\SafeTalkiOS.csproj", "{E2C2D6B2-E8DF-4672-AE1A-4590B2FC6792}"
EndProject
Global
	GlobalSection(SolutionConfigurationPlatforms) = preSolution
		Ad-Hoc|iPhone = Ad-Hoc|iPhone
		Ad-Hoc|iPhoneSimulator = Ad-Hoc|iPhoneSimulator
		AppStore|iPhone = AppStore|iPhone
		AppStore|iPhoneSimulator = AppStore|iPhoneSimulator
		Debug|iPhone = Debug|iPhone
		Debug|iPhoneSimulator = Debug|iPhoneSimulator
		Release|iPhone = Release|iPhone
		Release|iPhoneSimulator = Release|iPhoneSimulator
	EndGlobalSection
	GlobalSection(ProjectConfigurationPlatforms) = postSolution
		{E2C2D6B2-E8DF-4672-AE1A-4590B2FC6792}.Ad-Hoc|iPhone.ActiveCfg = Ad-Hoc|iPhone
		{E2C2D6B2-E8DF-4672-AE1A-4590B2FC6792}.Ad-Hoc|iPhone.Build.0 = Ad-Hoc|iPhone
		{E2C2D6B2-E8DF-4672-AE1A-4590B2FC6792}.Ad-Hoc|iPhoneSimulator.ActiveCfg = Ad-Hoc|iPhoneSimulator
		{E2C2D6B2-E8DF-4672-AE1A-4590B2FC6792}.Ad-Hoc|iPhoneSimulator.Build.0 = Ad-Hoc|iPhoneSimulator
		{E2C2D6B2-E8DF-4672-AE1A-4590B2FC6792}.AppStore|iPhone.ActiveCfg = AppStore|iPhone
		{E2C2D6B2-E8DF-4672-AE1A-4590B2FC6792}.AppStore|iPhone.Build.0 = AppStore|iPhone
		{E2C2D6B2-E8DF-4672-AE1A-4590B2FC6792}.AppStore|iPhoneSimulator.ActiveCfg = AppStore|iPhoneSimulator
		{E2C2D6B2-E8DF-4672-AE1A-4590B2FC6792}.AppStore|iPhoneSimulator.Build.0 = AppStore|iPhoneSimulator
		{E2C2D6B2-E8DF-4672-AE1A-4590B2FC6792}.Debug|iPhone.ActiveCfg = Debug|iPhone
		{E2C2D6B2-E8DF-4672-AE1A-4590B2FC6792}.Debug|iPhone.Build.0 = Debug|iPhone
		{E2C2D6B2-E8DF-4672-AE1A-4590B2FC6792}.Debug|iPhoneSimulator.ActiveCfg = Debug|iPhoneSimulator
		{E2C2D6B2-E8DF-4672-AE1A-4590B2FC6792}.Debug|iPhoneSimulator.Build.0 = Debug|iPhoneSimulator
		{E2C2D6B2-E8DF-4672-AE1A-4590B2FC6792}.Release|iPhone.ActiveCfg = Release|iPhone
		{E2C2D6B2-E8DF-4672-AE1A-4590B2FC6792}.Release|iPhone.Build.0 = Release|iPhone
		{E2C2D6B2-E8DF-4672-AE1A-4590B2FC6792}.Release|iPhoneSimulator.ActiveCfg = Release|iPhoneSimulator
		{E2C2D6B2-E8DF-4672-AE1A-4590B2FC6792}.Release|iPhoneSimulator.Build.0 = Release|iPhoneSimulator
	EndGlobalSection
	GlobalSection(SolutionProperties) = preSolution
		HideSolutionNode = FALSE
	EndGlobalSection
EndGlobal
